
Microsoft Visual Studio Solution File, Format Version 12.00
# Visual Studio 15
VisualStudioVersion = 15.0.28307.489
MinimumVisualStudioVersion = 10.0.40219.1
Project("{FAE04EC0-301F-11D3-BF4B-00C04F79EFBC}") = "DropZone.Database", "DropZone.Database\DropZone.Database.csproj", "{1889890C-E576-4E78-98E3-E3E291FCCF52}"
EndProject
Project("{FAE04EC0-301F-11D3-BF4B-00C04F79EFBC}") = "DropZone.Core", "DropZone.Core\DropZone.Core.csproj", "{942EC493-603F-4E8C-8B74-305F61FE4633}"
	ProjectSection(ProjectDependencies) = postProject
		{1889890C-E576-4E78-98E3-E3E291FCCF52} = {1889890C-E576-4E78-98E3-E3E291FCCF52}
	EndProjectSection
EndProject
Project("{FAE04EC0-301F-11D3-BF4B-00C04F79EFBC}") = "DropZone.Web", "DropZone.Web\DropZone.Web.csproj", "{807514A9-4AA9-4F79-BA2A-AD9C418374EF}"
	ProjectSection(ProjectDependencies) = postProject
		{1889890C-E576-4E78-98E3-E3E291FCCF52} = {1889890C-E576-4E78-98E3-E3E291FCCF52}
		{942EC493-603F-4E8C-8B74-305F61FE4633} = {942EC493-603F-4E8C-8B74-305F61FE4633}
	EndProjectSection
EndProject
Global
	GlobalSection(SolutionConfigurationPlatforms) = preSolution
		Debug|Any CPU = Debug|Any CPU
		Release|Any CPU = Release|Any CPU
	EndGlobalSection
	GlobalSection(ProjectConfigurationPlatforms) = postSolution
		{1889890C-E576-4E78-98E3-E3E291FCCF52}.Debug|Any CPU.ActiveCfg = Debug|Any CPU
		{1889890C-E576-4E78-98E3-E3E291FCCF52}.Debug|Any CPU.Build.0 = Debug|Any CPU
		{1889890C-E576-4E78-98E3-E3E291FCCF52}.Release|Any CPU.ActiveCfg = Release|Any CPU
		{1889890C-E576-4E78-98E3-E3E291FCCF52}.Release|Any CPU.Build.0 = Release|Any CPU
		{942EC493-603F-4E8C-8B74-305F61FE4633}.Debug|Any CPU.ActiveCfg = Debug|Any CPU
		{942EC493-603F-4E8C-8B74-305F61FE4633}.Debug|Any CPU.Build.0 = Debug|Any CPU
		{942EC493-603F-4E8C-8B74-305F61FE4633}.Release|Any CPU.ActiveCfg = Release|Any CPU
		{942EC493-603F-4E8C-8B74-305F61FE4633}.Release|Any CPU.Build.0 = Release|Any CPU
		{807514A9-4AA9-4F79-BA2A-AD9C418374EF}.Debug|Any CPU.ActiveCfg = Debug|Any CPU
		{807514A9-4AA9-4F79-BA2A-AD9C418374EF}.Debug|Any CPU.Build.0 = Debug|Any CPU
		{807514A9-4AA9-4F79-BA2A-AD9C418374EF}.Release|Any CPU.ActiveCfg = Release|Any CPU
		{807514A9-4AA9-4F79-BA2A-AD9C418374EF}.Release|Any CPU.Build.0 = Release|Any CPU
	EndGlobalSection
	GlobalSection(SolutionProperties) = preSolution
		HideSolutionNode = FALSE
	EndGlobalSection
	GlobalSection(ExtensibilityGlobals) = postSolution
		SolutionGuid = {CC513176-D0C1-488B-9D29-91603EB0578B}
	EndGlobalSection
EndGlobal
